
Microsoft Visual Studio Solution File, Format Version 12.00
# Visual Studio Version 16
VisualStudioVersion = 16.0.31702.278
MinimumVisualStudioVersion = 10.0.40219.1
Project("{888888A0-9F3D-457C-B088-3A5042F75D52}") = "Mandelbrot Test", "Mandelbrot Test.pyproj", "{FA7CF235-81DA-4FBF-84A3-8056DCE395F6}"
EndProject
Global
	GlobalSection(SolutionConfigurationPlatforms) = preSolution
		Debug|Any CPU = Debug|Any CPU
		Release|Any CPU = Release|Any CPU
	EndGlobalSection
	GlobalSection(ProjectConfigurationPlatforms) = postSolution
		{FA7CF235-81DA-4FBF-84A3-8056DCE395F6}.Debug|Any CPU.ActiveCfg = Debug|Any CPU
		{FA7CF235-81DA-4FBF-84A3-8056DCE395F6}.Release|Any CPU.ActiveCfg = Release|Any CPU
	EndGlobalSection
	GlobalSection(SolutionProperties) = preSolution
		HideSolutionNode = FALSE
	EndGlobalSection
	GlobalSection(ExtensibilityGlobals) = postSolution
		SolutionGuid = {72032207-E373-4613-97F4-3DF97EFBDCBF}
	EndGlobalSection
EndGlobal
